
Microsoft Visual Studio Solution File, Format Version 12.00
# Visual Studio Version 16
VisualStudioVersion = 16.0.29911.84
MinimumVisualStudioVersion = 10.0.40219.1
Project("{FAE04EC0-301F-11D3-BF4B-00C04F79EFBC}") = "FoodShareCore", "FoodShareCore\FoodShareCore.csproj", "{DE60B904-44FD-4396-9F0F-8F2FF5844EA0}"
EndProject
Project("{FAE04EC0-301F-11D3-BF4B-00C04F79EFBC}") = "FoodShareCore.DataAccess", "FoodShareCore.DataAccess\FoodShareCore.DataAccess.csproj", "{FABD6D4A-74BA-4903-B0F7-9E43F257CEE8}"
EndProject
Project("{FAE04EC0-301F-11D3-BF4B-00C04F79EFBC}") = "FoodShareCore.Models", "FoodShareCore.Models\FoodShareCore.Models.csproj", "{84A9FFDF-91A4-4EAB-A03E-35CC65F7CD5A}"
EndProject
Global
	GlobalSection(SolutionConfigurationPlatforms) = preSolution
		Debug|Any CPU = Debug|Any CPU
		Release|Any CPU = Release|Any CPU
	EndGlobalSection
	GlobalSection(ProjectConfigurationPlatforms) = postSolution
		{DE60B904-44FD-4396-9F0F-8F2FF5844EA0}.Debug|Any CPU.ActiveCfg = Debug|Any CPU
		{DE60B904-44FD-4396-9F0F-8F2FF5844EA0}.Debug|Any CPU.Build.0 = Debug|Any CPU
		{DE60B904-44FD-4396-9F0F-8F2FF5844EA0}.Release|Any CPU.ActiveCfg = Release|Any CPU
		{DE60B904-44FD-4396-9F0F-8F2FF5844EA0}.Release|Any CPU.Build.0 = Release|Any CPU
		{FABD6D4A-74BA-4903-B0F7-9E43F257CEE8}.Debug|Any CPU.ActiveCfg = Debug|Any CPU
		{FABD6D4A-74BA-4903-B0F7-9E43F257CEE8}.Debug|Any CPU.Build.0 = Debug|Any CPU
		{FABD6D4A-74BA-4903-B0F7-9E43F257CEE8}.Release|Any CPU.ActiveCfg = Release|Any CPU
		{FABD6D4A-74BA-4903-B0F7-9E43F257CEE8}.Release|Any CPU.Build.0 = Release|Any CPU
		{84A9FFDF-91A4-4EAB-A03E-35CC65F7CD5A}.Debug|Any CPU.ActiveCfg = Debug|Any CPU
		{84A9FFDF-91A4-4EAB-A03E-35CC65F7CD5A}.Debug|Any CPU.Build.0 = Debug|Any CPU
		{84A9FFDF-91A4-4EAB-A03E-35CC65F7CD5A}.Release|Any CPU.ActiveCfg = Release|Any CPU
		{84A9FFDF-91A4-4EAB-A03E-35CC65F7CD5A}.Release|Any CPU.Build.0 = Release|Any CPU
	EndGlobalSection
	GlobalSection(SolutionProperties) = preSolution
		HideSolutionNode = FALSE
	EndGlobalSection
	GlobalSection(ExtensibilityGlobals) = postSolution
		SolutionGuid = {B3BC4A35-52DC-4BA4-9DD9-05C541EACF88}
	EndGlobalSection
EndGlobal
